
Microsoft Visual Studio Solution File, Format Version 12.00
# Visual Studio Version 16
VisualStudioVersion = 16.0.28902.138
MinimumVisualStudioVersion = 10.0.40219.1
Project("{FAE04EC0-301F-11D3-BF4B-00C04F79EFBC}") = "Summator", "Summator.csproj", "{00A273A7-2441-403B-9994-CD196E90FB23}"
EndProject
Project("{FAE04EC0-301F-11D3-BF4B-00C04F79EFBC}") = "SummatorHost", "..\SummatorHost\SummatorHost.csproj", "{09C7AB4E-8136-4DC2-8317-B32F0CDFA830}"
EndProject
Project("{2150E333-8FDC-42A3-9474-1A3956D46DE8}") = "ServiceForMoreContracts", "ServiceForMoreContracts", "{6A35663B-A0C2-4F6F-9FC9-248B59B94335}"
EndProject
Project("{FAE04EC0-301F-11D3-BF4B-00C04F79EFBC}") = "CalcService", "..\CalcService\CalcService.csproj", "{90E6CAC5-9E35-406D-8B7A-0E27C94FBE40}"
EndProject
Project("{FAE04EC0-301F-11D3-BF4B-00C04F79EFBC}") = "CalculateHost", "..\CalculateHost\CalculateHost.csproj", "{9ED29FCF-DB3F-449D-BF6F-94F9DADEE398}"
EndProject
Project("{2150E333-8FDC-42A3-9474-1A3956D46DE8}") = "ClientForCaclService", "ClientForCaclService", "{34655D4D-8895-4157-BCC8-673B7F61FFDF}"
EndProject
Project("{FAE04EC0-301F-11D3-BF4B-00C04F79EFBC}") = "WebClient", "..\WebClient\WebClient.csproj", "{43FCF599-869C-4A66-9348-7B0E546FC5A4}"
EndProject
Project("{FAE04EC0-301F-11D3-BF4B-00C04F79EFBC}") = "DescClient", "..\DescClient\DescClient.csproj", "{A0230757-3977-446E-90E7-049E3CD041D6}"
EndProject
Global
	GlobalSection(SolutionConfigurationPlatforms) = preSolution
		Debug|Any CPU = Debug|Any CPU
		Release|Any CPU = Release|Any CPU
	EndGlobalSection
	GlobalSection(ProjectConfigurationPlatforms) = postSolution
		{00A273A7-2441-403B-9994-CD196E90FB23}.Debug|Any CPU.ActiveCfg = Debug|Any CPU
		{00A273A7-2441-403B-9994-CD196E90FB23}.Debug|Any CPU.Build.0 = Debug|Any CPU
		{00A273A7-2441-403B-9994-CD196E90FB23}.Release|Any CPU.ActiveCfg = Release|Any CPU
		{00A273A7-2441-403B-9994-CD196E90FB23}.Release|Any CPU.Build.0 = Release|Any CPU
		{09C7AB4E-8136-4DC2-8317-B32F0CDFA830}.Debug|Any CPU.ActiveCfg = Debug|Any CPU
		{09C7AB4E-8136-4DC2-8317-B32F0CDFA830}.Debug|Any CPU.Build.0 = Debug|Any CPU
		{09C7AB4E-8136-4DC2-8317-B32F0CDFA830}.Release|Any CPU.ActiveCfg = Release|Any CPU
		{09C7AB4E-8136-4DC2-8317-B32F0CDFA830}.Release|Any CPU.Build.0 = Release|Any CPU
		{90E6CAC5-9E35-406D-8B7A-0E27C94FBE40}.Debug|Any CPU.ActiveCfg = Debug|Any CPU
		{90E6CAC5-9E35-406D-8B7A-0E27C94FBE40}.Debug|Any CPU.Build.0 = Debug|Any CPU
		{90E6CAC5-9E35-406D-8B7A-0E27C94FBE40}.Release|Any CPU.ActiveCfg = Release|Any CPU
		{90E6CAC5-9E35-406D-8B7A-0E27C94FBE40}.Release|Any CPU.Build.0 = Release|Any CPU
		{9ED29FCF-DB3F-449D-BF6F-94F9DADEE398}.Debug|Any CPU.ActiveCfg = Debug|Any CPU
		{9ED29FCF-DB3F-449D-BF6F-94F9DADEE398}.Debug|Any CPU.Build.0 = Debug|Any CPU
		{9ED29FCF-DB3F-449D-BF6F-94F9DADEE398}.Release|Any CPU.ActiveCfg = Release|Any CPU
		{9ED29FCF-DB3F-449D-BF6F-94F9DADEE398}.Release|Any CPU.Build.0 = Release|Any CPU
		{43FCF599-869C-4A66-9348-7B0E546FC5A4}.Debug|Any CPU.ActiveCfg = Debug|Any CPU
		{43FCF599-869C-4A66-9348-7B0E546FC5A4}.Debug|Any CPU.Build.0 = Debug|Any CPU
		{43FCF599-869C-4A66-9348-7B0E546FC5A4}.Release|Any CPU.ActiveCfg = Release|Any CPU
		{43FCF599-869C-4A66-9348-7B0E546FC5A4}.Release|Any CPU.Build.0 = Release|Any CPU
		{A0230757-3977-446E-90E7-049E3CD041D6}.Debug|Any CPU.ActiveCfg = Debug|Any CPU
		{A0230757-3977-446E-90E7-049E3CD041D6}.Debug|Any CPU.Build.0 = Debug|Any CPU
		{A0230757-3977-446E-90E7-049E3CD041D6}.Release|Any CPU.ActiveCfg = Release|Any CPU
		{A0230757-3977-446E-90E7-049E3CD041D6}.Release|Any CPU.Build.0 = Release|Any CPU
	EndGlobalSection
	GlobalSection(SolutionProperties) = preSolution
		HideSolutionNode = FALSE
	EndGlobalSection
	GlobalSection(NestedProjects) = preSolution
		{90E6CAC5-9E35-406D-8B7A-0E27C94FBE40} = {6A35663B-A0C2-4F6F-9FC9-248B59B94335}
		{9ED29FCF-DB3F-449D-BF6F-94F9DADEE398} = {6A35663B-A0C2-4F6F-9FC9-248B59B94335}
		{43FCF599-869C-4A66-9348-7B0E546FC5A4} = {34655D4D-8895-4157-BCC8-673B7F61FFDF}
		{A0230757-3977-446E-90E7-049E3CD041D6} = {34655D4D-8895-4157-BCC8-673B7F61FFDF}
	EndGlobalSection
	GlobalSection(ExtensibilityGlobals) = postSolution
		SolutionGuid = {5612ED20-DDAD-49BE-A61B-2B80E72A2BC0}
	EndGlobalSection
EndGlobal
